Microsoft Visual Studio Solution File, Format Version 12.00
# Visual Studio Version 17
VisualStudioVersion = 17.5.2.0
MinimumVisualStudioVersion = 10.0.40219.1
Project("{FAE04EC0-301F-11D3-BF4B-00C04F79EFBC}") = "LECG", "LECG.csproj", "{41531F13-A1EE-13C6-9501-902892ABEC25}"
EndProject
Project("{FAE04EC0-301F-11D3-BF4B-00C04F79EFBC}") = "LECG.Tests", "LECG.Tests\LECG.Tests.csproj", "{4D5D3715-918C-40D1-9741-55C19FC33CC1}"
EndProject
Project("{FAE04EC0-301F-11D3-BF4B-00C04F79EFBC}") = "LECG.Core", "LECG.Core\LECG.Core.csproj", "{B97187CD-14D9-452D-BB83-13F301BC84A7}"
EndProject
Global
	GlobalSection(SolutionConfigurationPlatforms) = preSolution
		Debug|Any CPU = Debug|Any CPU
		Release|Any CPU = Release|Any CPU
	EndGlobalSection
	GlobalSection(ProjectConfigurationPlatforms) = postSolution
		{41531F13-A1EE-13C6-9501-902892ABEC25}.Debug|Any CPU.ActiveCfg = Debug|Any CPU
		{41531F13-A1EE-13C6-9501-902892ABEC25}.Debug|Any CPU.Build.0 = Debug|Any CPU
		{41531F13-A1EE-13C6-9501-902892ABEC25}.Release|Any CPU.ActiveCfg = Release|Any CPU
		{41531F13-A1EE-13C6-9501-902892ABEC25}.Release|Any CPU.Build.0 = Release|Any CPU
		{4D5D3715-918C-40D1-9741-55C19FC33CC1}.Debug|Any CPU.ActiveCfg = Debug|Any CPU
		{4D5D3715-918C-40D1-9741-55C19FC33CC1}.Debug|Any CPU.Build.0 = Debug|Any CPU
		{4D5D3715-918C-40D1-9741-55C19FC33CC1}.Release|Any CPU.ActiveCfg = Release|Any CPU
		{4D5D3715-918C-40D1-9741-55C19FC33CC1}.Release|Any CPU.Build.0 = Release|Any CPU
		{B97187CD-14D9-452D-BB83-13F301BC84A7}.Debug|Any CPU.ActiveCfg = Debug|Any CPU
		{B97187CD-14D9-452D-BB83-13F301BC84A7}.Debug|Any CPU.Build.0 = Debug|Any CPU
		{B97187CD-14D9-452D-BB83-13F301BC84A7}.Release|Any CPU.ActiveCfg = Release|Any CPU
		{B97187CD-14D9-452D-BB83-13F301BC84A7}.Release|Any CPU.Build.0 = Release|Any CPU
	EndGlobalSection
	GlobalSection(SolutionProperties) = preSolution
		HideSolutionNode = FALSE
	EndGlobalSection
	GlobalSection(ExtensibilityGlobals) = postSolution
		SolutionGuid = {72CB87DD-B257-4C64-816C-C580A2111D38}
	EndGlobalSection
EndGlobal
